
Microsoft Visual Studio Solution File, Format Version 12.00
# Visual Studio Version 16
VisualStudioVersion = 16.0.31624.102
MinimumVisualStudioVersion = 10.0.40219.1
Project("{FAE04EC0-301F-11D3-BF4B-00C04F79EFBC}") = "GiamSatHeThongThuyTinh_Web", "GiamSatHeThongThuyTinh_Web\GiamSatHeThongThuyTinh_Web.csproj", "{479C42CA-84DF-4764-8C82-4345B30B5A5B}"
EndProject
Global
	GlobalSection(SolutionConfigurationPlatforms) = preSolution
		Debug|Any CPU = Debug|Any CPU
		Release|Any CPU = Release|Any CPU
	EndGlobalSection
	GlobalSection(ProjectConfigurationPlatforms) = postSolution
		{479C42CA-84DF-4764-8C82-4345B30B5A5B}.Debug|Any CPU.ActiveCfg = Debug|Any CPU
		{479C42CA-84DF-4764-8C82-4345B30B5A5B}.Debug|Any CPU.Build.0 = Debug|Any CPU
		{479C42CA-84DF-4764-8C82-4345B30B5A5B}.Release|Any CPU.ActiveCfg = Release|Any CPU
		{479C42CA-84DF-4764-8C82-4345B30B5A5B}.Release|Any CPU.Build.0 = Release|Any CPU
	EndGlobalSection
	GlobalSection(SolutionProperties) = preSolution
		HideSolutionNode = FALSE
	EndGlobalSection
	GlobalSection(ExtensibilityGlobals) = postSolution
		SolutionGuid = {09F06D4E-1E38-41BF-9181-9EB71E5CA04E}
	EndGlobalSection
EndGlobal
